<?xml version="1.0" encoding="utf-8"?>
<Project ToolsVersion="4.0" xmlns="http://schemas.microsoft.com/developer/msbuild/2003">
  <ItemGroup>
    <Filter Include="源文件">
      <UniqueIdentifier>{4FC737F1-C7A5-4376-A066-2A32D752A2FF}</UniqueIdentifier>
      <Extensions>cpp;c;cc;cxx;c++;def;odl;idl;hpj;bat;asm;asmx</Extensions>
    </Filter>
    <Filter Include="头文件">
      <UniqueIdentifier>{93995380-89BD-4b04-88EB-625FBE52EBFB}</UniqueIdentifier>
      <Extensions>h;hh;hpp;hxx;h++;hm;inl;inc;ipp;xsd</Extensions>
    </Filter>
    <Filter Include="资源文件">
      <UniqueIdentifier>{67DA6AB6-F800-4c08-8B7A-83BB121AAD01}</UniqueIdentifier>
      <Extensions>rc;ico;cur;bmp;dlg;rc2;rct;bin;rgs;gif;jpg;jpeg;jpe;resx;tiff;tif;png;wav;mfcribbon-ms</Extensions>
    </Filter>
    <Filter Include="Common">
      <UniqueIdentifier>{1ffd8512-4526-48c4-bbe7-9280709424b5}</UniqueIdentifier>
    </Filter>
    <Filter Include="Common\Header">
      <UniqueIdentifier>{21bf6b3b-bc66-4f83-9ceb-b7b388bc66da}</UniqueIdentifier>
    </Filter>
    <Filter Include="Common\Source">
      <UniqueIdentifier>{12da3c02-364e-40b0-ba94-9c3befa47d8f}</UniqueIdentifier>
    </Filter>
    <Filter Include="Shaders">
      <UniqueIdentifier>{ee799c42-71d6-44c5-9778-a24b72338fc5}</UniqueIdentifier>
    </Filter>
    <Filter Include="资源文件\Textures">
      <UniqueIdentifier>{9906001f-447f-4a17-97cf-3f3c15c19568}</UniqueIdentifier>
    </Filter>
    <Filter Include="Shaders\Headers">
      <UniqueIdentifier>{78230aa5-1505-4fa6-931b-c1e66992e69e}</UniqueIdentifier>
    </Filter>
    <Filter Include="Shaders\Vertex">
      <UniqueIdentifier>{74f1cd22-14aa-4618-bfea-3b490a0b4261}</UniqueIdentifier>
    </Filter>
    <Filter Include="Shaders\Pixel">
      <UniqueIdentifier>{118c2e4a-1c8c-44f1-8ca1-60454e284fd7}</UniqueIdentifier>
    </Filter>
    <Filter Include="Shaders\Domain">
      <UniqueIdentifier>{1dbe1663-7f15-4dc0-9755-44e1bf8162e6}</UniqueIdentifier>
    </Filter>
    <Filter Include="Shaders\Hull">
      <UniqueIdentifier>{6b0e36f2-5010-4195-934a-fefe8befce61}</UniqueIdentifier>
    </Filter>
    <Filter Include="Shaders\Headers\BRDF">
      <UniqueIdentifier>{42f820b0-4271-477b-b0ef-5320d67f98ea}</UniqueIdentifier>
    </Filter>
    <Filter Include="Shaders\Discarded">
      <UniqueIdentifier>{6bafdf84-d982-4b32-864f-4d2bcf8d44e9}</UniqueIdentifier>
    </Filter>
  </ItemGroup>
  <ItemGroup>
    <ClCompile Include="SceneGraphApp.cpp">
      <Filter>源文件</Filter>
    </ClCompile>
    <ClCompile Include="WinMain.cpp">
      <Filter>源文件</Filter>
    </ClCompile>
    <ClCompile Include="Constants.cpp">
      <Filter>源文件</Filter>
    </ClCompile>
    <ClCompile Include="SceneGraphAPP_Input.cpp">
      <Filter>源文件</Filter>
    </ClCompile>
    <ClCompile Include="Common\d3dApp.cpp">
      <Filter>Common\Source</Filter>
    </ClCompile>
    <ClCompile Include="Common\d3dUtil.cpp">
      <Filter>Common\Source</Filter>
    </ClCompile>
    <ClCompile Include="Common\DDSTextureLoader.cpp">
      <Filter>Common\Source</Filter>
    </ClCompile>
    <ClCompile Include="Common\GameTimer.cpp">
      <Filter>Common\Source</Filter>
    </ClCompile>
    <ClCompile Include="Common\GeometryGenerator.cpp">
      <Filter>Common\Source</Filter>
    </ClCompile>
    <ClCompile Include="Common\MathHelper.cpp">
      <Filter>Common\Source</Filter>
    </ClCompile>
    <ClCompile Include="Object.cpp">
      <Filter>源文件</Filter>
    </ClCompile>
    <ClCompile Include="Material.cpp">
      <Filter>源文件</Filter>
    </ClCompile>
    <ClCompile Include="Mesh.cpp">
      <Filter>源文件</Filter>
    </ClCompile>
    <ClCompile Include="FbxLoader.cpp">
      <Filter>源文件</Filter>
    </ClCompile>
    <ClCompile Include="Texture.cpp">
      <Filter>源文件</Filter>
    </ClCompile>
    <ClCompile Include="SceneGraphApp_Draw.cpp">
      <Filter>源文件</Filter>
    </ClCompile>
  </ItemGroup>
  <ItemGroup>
    <ClInclude Include="SceneGraphApp.h">
      <Filter>头文件</Filter>
    </ClInclude>
    <ClInclude Include="RenderItem.h">
      <Filter>头文件</Filter>
    </ClInclude>
    <ClInclude Include="Constants.h">
      <Filter>头文件</Filter>
    </ClInclude>
    <ClInclude Include="Camera.h">
      <Filter>头文件</Filter>
    </ClInclude>
    <ClInclude Include="Light.h">
      <Filter>头文件</Filter>
    </ClInclude>
    <ClInclude Include="StaticDescriptorHeap.h">
      <Filter>头文件</Filter>
    </ClInclude>
    <ClInclude Include="RenderTarget.h">
      <Filter>头文件</Filter>
    </ClInclude>
    <ClInclude Include="Predefine.h">
      <Filter>头文件</Filter>
    </ClInclude>
    <ClInclude Include="Common\d3dApp.h">
      <Filter>Common\Header</Filter>
    </ClInclude>
    <ClInclude Include="Common\d3dUtil.h">
      <Filter>Common\Header</Filter>
    </ClInclude>
    <ClInclude Include="Common\d3dx12.h">
      <Filter>Common\Header</Filter>
    </ClInclude>
    <ClInclude Include="Common\DDSTextureLoader.h">
      <Filter>Common\Header</Filter>
    </ClInclude>
    <ClInclude Include="Common\GameTimer.h">
      <Filter>Common\Header</Filter>
    </ClInclude>
    <ClInclude Include="Common\GeometryGenerator.h">
      <Filter>Common\Header</Filter>
    </ClInclude>
    <ClInclude Include="Common\MathHelper.h">
      <Filter>Common\Header</Filter>
    </ClInclude>
    <ClInclude Include="Common\UploadBuffer.h">
      <Filter>Common\Header</Filter>
    </ClInclude>
    <ClInclude Include="Texture.h">
      <Filter>头文件</Filter>
    </ClInclude>
    <ClInclude Include="UnorderedAccessBuffer.h">
      <Filter>头文件</Filter>
    </ClInclude>
    <ClInclude Include="Object.h">
      <Filter>头文件</Filter>
    </ClInclude>
    <ClInclude Include="Material.h">
      <Filter>头文件</Filter>
    </ClInclude>
    <ClInclude Include="Mesh.h">
      <Filter>头文件</Filter>
    </ClInclude>
    <ClInclude Include="FbxLoader.h">
      <Filter>头文件</Filter>
    </ClInclude>
    <ClInclude Include="PIXHelper.h">
      <Filter>头文件</Filter>
    </ClInclude>
  </ItemGroup>
  <ItemGroup>
    <FxCompile Include="simpleVertex.hlsl">
      <Filter>Shaders\Vertex</Filter>
    </FxCompile>
    <FxCompile Include="VertexShader.hlsl">
      <Filter>Shaders\Vertex</Filter>
    </FxCompile>
    <FxCompile Include="fxaaPixel.hlsl">
      <Filter>Shaders\Pixel</Filter>
    </FxCompile>
    <FxCompile Include="PixelShader.hlsl">
      <Filter>Shaders\Pixel</Filter>
    </FxCompile>
    <FxCompile Include="displacementDomain.hlsl">
      <Filter>Shaders\Domain</Filter>
    </FxCompile>
    <FxCompile Include="displacementHull.hlsl">
      <Filter>Shaders\Hull</Filter>
    </FxCompile>
    <FxCompile Include="shadowVertex.hlsl">
      <Filter>Shaders\Vertex</Filter>
    </FxCompile>
    <FxCompile Include="shadowPixel.hlsl">
      <Filter>Shaders\Pixel</Filter>
    </FxCompile>
    <FxCompile Include="pointShadowVertex.hlsl">
      <Filter>Shaders\Vertex</Filter>
    </FxCompile>
    <FxCompile Include="pointShadowPixel.hlsl">
      <Filter>Shaders\Pixel</Filter>
    </FxCompile>
    <FxCompile Include="transBlendPixel.hlsl">
      <Filter>Shaders\Discarded</Filter>
    </FxCompile>
    <FxCompile Include="transPixel.hlsl">
      <Filter>Shaders\Discarded</Filter>
    </FxCompile>
    <FxCompile Include="hbaoPixel.hlsl">
      <Filter>Shaders\Discarded</Filter>
    </FxCompile>
  </ItemGroup>
  <ItemGroup>
    <None Include="Fxaa3_11.hlsli">
      <Filter>Shaders\Headers</Filter>
    </None>
    <None Include="Header.hlsli">
      <Filter>Shaders\Headers</Filter>
    </None>
    <None Include="Light.hlsli">
      <Filter>Shaders\Headers</Filter>
    </None>
    <None Include="MultiSampleLoader.hlsli">
      <Filter>Shaders\Headers</Filter>
    </None>
    <None Include="Predefine.hlsli">
      <Filter>Shaders\Headers</Filter>
    </None>
    <None Include="pointShadowHeader.hlsli">
      <Filter>Shaders\Headers</Filter>
    </None>
    <None Include="BRDF.hlsli">
      <Filter>Shaders\Headers\BRDF</Filter>
    </None>
    <None Include="BRDF_common.hlsli">
      <Filter>Shaders\Headers\BRDF</Filter>
    </None>
    <None Include="BRDF_rect.hlsli">
      <Filter>Shaders\Headers\BRDF</Filter>
    </None>
    <None Include="BRDF_punctual.hlsli">
      <Filter>Shaders\Headers\BRDF</Filter>
    </None>
    <None Include="LTC.hlsli">
      <Filter>Shaders\Headers\BRDF</Filter>
    </None>
    <None Include="cpp.hint" />
    <None Include="HelpFunctions.hlsli">
      <Filter>Shaders\Headers</Filter>
    </None>
    <None Include="packages.config" />
  </ItemGroup>
  <ItemGroup>
    <Image Include="Resources\Textures\bricks.dds">
      <Filter>资源文件\Textures</Filter>
    </Image>
    <Image Include="Resources\Textures\bricks_nmap.dds">
      <Filter>资源文件\Textures</Filter>
    </Image>
    <Image Include="Resources\Textures\bricks2.dds">
      <Filter>资源文件\Textures</Filter>
    </Image>
    <Image Include="Resources\Textures\bricks2_nmap.dds">
      <Filter>资源文件\Textures</Filter>
    </Image>
    <Image Include="Resources\Textures\ggx_ltc_amp.dds">
      <Filter>资源文件\Textures</Filter>
    </Image>
    <Image Include="Resources\Textures\ggx_ltc_mat.dds">
      <Filter>资源文件\Textures</Filter>
    </Image>
  </ItemGroup>
</Project>